// !$*UTF8*$!
{
	archiveVersion = 1;
	classes = {
	};
	objectVersion = 46;
	objects = {

/* Begin PBXBuildFile section */
		C25D21E21442E5F7008F46D4 /* UIKit.framework in Frameworks */ = {isa = PBXBuildFile; fileRef = C25D21E11442E5F7008F46D4 /* UIKit.framework */; };
		C25D21E41442E5F7008F46D4 /* Foundation.framework in Frameworks */ = {isa = PBXBuildFile; fileRef = C25D21E31442E5F7008F46D4 /* Foundation.framework */; };
		C25D21E61442E5F7008F46D4 /* CoreGraphics.framework in Frameworks */ = {isa = PBXBuildFile; fileRef = C25D21E51442E5F7008F46D4 /* CoreGraphics.framework */; };
		C25D21FD1442E60B008F46D4 /* LPPointOfInterestAppDelegate.m in Sources */ = {isa = PBXBuildFile; fileRef = C25D21FC1442E60B008F46D4 /* LPPointOfInterestAppDelegate.m */; };
		C25D22001442E625008F46D4 /* MainWindow.xib in Resources */ = {isa = PBXBuildFile; fileRef = C25D21FE1442E625008F46D4 /* MainWindow.xib */; };
		C25D22231442E709008F46D4 /* NSObject+SBJson.m in Sources */ = {isa = PBXBuildFile; fileRef = C25D22081442E709008F46D4 /* NSObject+SBJson.m */; };
		C25D22241442E709008F46D4 /* SBJsonParser.m in Sources */ = {isa = PBXBuildFile; fileRef = C25D220B1442E709008F46D4 /* SBJsonParser.m */; };
		C25D22251442E709008F46D4 /* SBJsonStreamParser.m in Sources */ = {isa = PBXBuildFile; fileRef = C25D220D1442E709008F46D4 /* SBJsonStreamParser.m */; };
		C25D22261442E709008F46D4 /* SBJsonStreamParserAccumulator.m in Sources */ = {isa = PBXBuildFile; fileRef = C25D220F1442E709008F46D4 /* SBJsonStreamParserAccumulator.m */; };
		C25D22271442E709008F46D4 /* SBJsonStreamParserAdapter.m in Sources */ = {isa = PBXBuildFile; fileRef = C25D22111442E709008F46D4 /* SBJsonStreamParserAdapter.m */; };
		C25D22281442E709008F46D4 /* SBJsonStreamParserState.m in Sources */ = {isa = PBXBuildFile; fileRef = C25D22131442E709008F46D4 /* SBJsonStreamParserState.m */; };
		C25D22291442E709008F46D4 /* SBJsonStreamWriter.m in Sources */ = {isa = PBXBuildFile; fileRef = C25D22151442E709008F46D4 /* SBJsonStreamWriter.m */; };
		C25D222A1442E709008F46D4 /* SBJsonStreamWriterAccumulator.m in Sources */ = {isa = PBXBuildFile; fileRef = C25D22171442E709008F46D4 /* SBJsonStreamWriterAccumulator.m */; };
		C25D222B1442E709008F46D4 /* SBJsonStreamWriterState.m in Sources */ = {isa = PBXBuildFile; fileRef = C25D22191442E709008F46D4 /* SBJsonStreamWriterState.m */; };
		C25D222C1442E709008F46D4 /* SBJsonTokeniser.m in Sources */ = {isa = PBXBuildFile; fileRef = C25D221B1442E709008F46D4 /* SBJsonTokeniser.m */; };
		C25D222D1442E709008F46D4 /* SBJsonUTF8Stream.m in Sources */ = {isa = PBXBuildFile; fileRef = C25D221D1442E709008F46D4 /* SBJsonUTF8Stream.m */; };
		C25D222E1442E709008F46D4 /* SBJsonWriter.m in Sources */ = {isa = PBXBuildFile; fileRef = C25D221F1442E709008F46D4 /* SBJsonWriter.m */; };
		C25D222F1442E709008F46D4 /* LPDataParser.m in Sources */ = {isa = PBXBuildFile; fileRef = C25D22211442E709008F46D4 /* LPDataParser.m */; };
		C25D22351442E938008F46D4 /* LPPOIDetailsViewController.m in Sources */ = {isa = PBXBuildFile; fileRef = C25D22321442E938008F46D4 /* LPPOIDetailsViewController.m */; };
		C25D22361442E938008F46D4 /* LPPOITableViewController.m in Sources */ = {isa = PBXBuildFile; fileRef = C25D22341442E938008F46D4 /* LPPOITableViewController.m */; };
		C25D22391443487A008F46D4 /* NSDictionary+Additions.m in Sources */ = {isa = PBXBuildFile; fileRef = C25D223814434879008F46D4 /* NSDictionary+Additions.m */; };
		C25D226C1443734A008F46D4 /* pois.json in Resources */ = {isa = PBXBuildFile; fileRef = C25D226B1443734A008F46D4 /* pois.json */; };
		C25D228214437ECA008F46D4 /* InfoPlist.strings in Resources */ = {isa = PBXBuildFile; fileRef = C25D228014437ECA008F46D4 /* InfoPlist.strings */; };
		C25D228314437EFC008F46D4 /* main.m in Sources */ = {isa = PBXBuildFile; fileRef = C25D226F14437395008F46D4 /* main.m */; };
		C25D228614438001008F46D4 /* LPPOIMapViewController.m in Sources */ = {isa = PBXBuildFile; fileRef = C25D228514438001008F46D4 /* LPPOIMapViewController.m */; };
		C25D2288144380CE008F46D4 /* MapKit.framework in Frameworks */ = {isa = PBXBuildFile; fileRef = C25D2287144380CD008F46D4 /* MapKit.framework */; };
		C25D229714438627008F46D4 /* LPPOIMapAnnotation.m in Sources */ = {isa = PBXBuildFile; fileRef = C25D229614438627008F46D4 /* LPPOIMapAnnotation.m */; };
		C25D22991443908B008F46D4 /* README.txt in Resources */ = {isa = PBXBuildFile; fileRef = C25D22981443908B008F46D4 /* README.txt */; };
		C25D229B144394EB008F46D4 /* Default.png in Resources */ = {isa = PBXBuildFile; fileRef = C25D229A144394EA008F46D4 /* Default.png */; };
		C25D229E14439A2B008F46D4 /* LPPOIMainMenuViewController.m in Sources */ = {isa = PBXBuildFile; fileRef = C25D229D14439A2A008F46D4 /* LPPOIMainMenuViewController.m */; };
		C25D22A314439CEB008F46D4 /* london1.png in Resources */ = {isa = PBXBuildFile; fileRef = C25D229F14439CEB008F46D4 /* london1.png */; };
		C25D22A414439CEB008F46D4 /* london2.png in Resources */ = {isa = PBXBuildFile; fileRef = C25D22A014439CEB008F46D4 /* london2.png */; };
		C25D22A514439CEB008F46D4 /* london3.png in Resources */ = {isa = PBXBuildFile; fileRef = C25D22A114439CEB008F46D4 /* london3.png */; };
		C25D22A614439CEB008F46D4 /* london4.png in Resources */ = {isa = PBXBuildFile; fileRef = C25D22A214439CEB008F46D4 /* london4.png */; };
		C25D22B11443A0EA008F46D4 /* UIColor+Additions.m in Sources */ = {isa = PBXBuildFile; fileRef = C25D22B01443A0E9008F46D4 /* UIColor+Additions.m */; };
		C25D22B31443A4BA008F46D4 /* QuartzCore.framework in Frameworks */ = {isa = PBXBuildFile; fileRef = C25D22B21443A4BA008F46D4 /* QuartzCore.framework */; };
		C25D22CA1443AEB2008F46D4 /* LPPOICreditsViewController.m in Sources */ = {isa = PBXBuildFile; fileRef = C25D22C91443AEAE008F46D4 /* LPPOICreditsViewController.m */; };
		C25E55D9144559100030971B /* LPStyleManager.m in Sources */ = {isa = PBXBuildFile; fileRef = C25E55D8144559100030971B /* LPStyleManager.m */; };
/* End PBXBuildFile section */

/* Begin PBXFileReference section */
		C25D21DD1442E5F7008F46D4 /* LPPointOfInterest.app */ = {isa = PBXFileReference; explicitFileType = wrapper.application; includeInIndex = 0; path = LPPointOfInterest.app; sourceTree = BUILT_PRODUCTS_DIR; };
		C25D21E11442E5F7008F46D4 /* UIKit.framework */ = {isa = PBXFileReference; lastKnownFileType = wrapper.framework; name = UIKit.framework; path = System/Library/Frameworks/UIKit.framework; sourceTree = SDKROOT; };
		C25D21E31442E5F7008F46D4 /* Foundation.framework */ = {isa = PBXFileReference; lastKnownFileType = wrapper.framework; name = Foundation.framework; path = System/Library/Frameworks/Foundation.framework; sourceTree = SDKROOT; };
		C25D21E51442E5F7008F46D4 /* CoreGraphics.framework */ = {isa = PBXFileReference; lastKnownFileType = wrapper.framework; name = CoreGraphics.framework; path = System/Library/Frameworks/CoreGraphics.framework; sourceTree = SDKROOT; };
		C25D21FB1442E60B008F46D4 /* LPPointOfInterestAppDelegate.h */ = {isa = PBXFileReference; fileEncoding = 4; lastKnownFileType = sourcecode.c.h; path = LPPointOfInterestAppDelegate.h; sourceTree = "<group>"; };
		C25D21FC1442E60B008F46D4 /* LPPointOfInterestAppDelegate.m */ = {isa = PBXFileReference; fileEncoding = 4; lastKnownFileType = sourcecode.c.objc; path = LPPointOfInterestAppDelegate.m; sourceTree = "<group>"; };
		C25D21FF1442E625008F46D4 /* en */ = {isa = PBXFileReference; lastKnownFileType = file.xib; name = en; path = en.lproj/MainWindow.xib; sourceTree = "<group>"; };
		C25D22071442E709008F46D4 /* NSObject+SBJson.h */ = {isa = PBXFileReference; fileEncoding = 4; lastKnownFileType = sourcecode.c.h; path = "NSObject+SBJson.h"; sourceTree = "<group>"; };
		C25D22081442E709008F46D4 /* NSObject+SBJson.m */ = {isa = PBXFileReference; fileEncoding = 4; lastKnownFileType = sourcecode.c.objc; path = "NSObject+SBJson.m"; sourceTree = "<group>"; };
		C25D22091442E709008F46D4 /* SBJson.h */ = {isa = PBXFileReference; fileEncoding = 4; lastKnownFileType = sourcecode.c.h; path = SBJson.h; sourceTree = "<group>"; };
		C25D220A1442E709008F46D4 /* SBJsonParser.h */ = {isa = PBXFileReference; fileEncoding = 4; lastKnownFileType = sourcecode.c.h; path = SBJsonParser.h; sourceTree = "<group>"; };
		C25D220B1442E709008F46D4 /* SBJsonParser.m */ = {isa = PBXFileReference; fileEncoding = 4; lastKnownFileType = sourcecode.c.objc; path = SBJsonParser.m; sourceTree = "<group>"; };
		C25D220C1442E709008F46D4 /* SBJsonStreamParser.h */ = {isa = PBXFileReference; fileEncoding = 4; lastKnownFileType = sourcecode.c.h; path = SBJsonStreamParser.h; sourceTree = "<group>"; };
		C25D220D1442E709008F46D4 /* SBJsonStreamParser.m */ = {isa = PBXFileReference; fileEncoding = 4; lastKnownFileType = sourcecode.c.objc; path = SBJsonStreamParser.m; sourceTree = "<group>"; };
		C25D220E1442E709008F46D4 /* SBJsonStreamParserAccumulator.h */ = {isa = PBXFileReference; fileEncoding = 4; lastKnownFileType = sourcecode.c.h; path = SBJsonStreamParserAccumulator.h; sourceTree = "<group>"; };
		C25D220F1442E709008F46D4 /* SBJsonStreamParserAccumulator.m */ = {isa = PBXFileReference; fileEncoding = 4; lastKnownFileType = sourcecode.c.objc; path = SBJsonStreamParserAccumulator.m; sourceTree = "<group>"; };
		C25D22101442E709008F46D4 /* SBJsonStreamParserAdapter.h */ = {isa = PBXFileReference; fileEncoding = 4; lastKnownFileType = sourcecode.c.h; path = SBJsonStreamParserAdapter.h; sourceTree = "<group>"; };
		C25D22111442E709008F46D4 /* SBJsonStreamParserAdapter.m */ = {isa = PBXFileReference; fileEncoding = 4; lastKnownFileType = sourcecode.c.objc; path = SBJsonStreamParserAdapter.m; sourceTree = "<group>"; };
		C25D22121442E709008F46D4 /* SBJsonStreamParserState.h */ = {isa = PBXFileReference; fileEncoding = 4; lastKnownFileType = sourcecode.c.h; path = SBJsonStreamParserState.h; sourceTree = "<group>"; };
		C25D22131442E709008F46D4 /* SBJsonStreamParserState.m */ = {isa = PBXFileReference; fileEncoding = 4; lastKnownFileType = sourcecode.c.objc; path = SBJsonStreamParserState.m; sourceTree = "<group>"; };
		C25D22141442E709008F46D4 /* SBJsonStreamWriter.h */ = {isa = PBXFileReference; fileEncoding = 4; lastKnownFileType = sourcecode.c.h; path = SBJsonStreamWriter.h; sourceTree = "<group>"; };
		C25D22151442E709008F46D4 /* SBJsonStreamWriter.m */ = {isa = PBXFileReference; fileEncoding = 4; lastKnownFileType = sourcecode.c.objc; path = SBJsonStreamWriter.m; sourceTree = "<group>"; };
		C25D22161442E709008F46D4 /* SBJsonStreamWriterAccumulator.h */ = {isa = PBXFileReference; fileEncoding = 4; lastKnownFileType = sourcecode.c.h; path = SBJsonStreamWriterAccumulator.h; sourceTree = "<group>"; };
		C25D22171442E709008F46D4 /* SBJsonStreamWriterAccumulator.m */ = {isa = PBXFileReference; fileEncoding = 4; lastKnownFileType = sourcecode.c.objc; path = SBJsonStreamWriterAccumulator.m; sourceTree = "<group>"; };
		C25D22181442E709008F46D4 /* SBJsonStreamWriterState.h */ = {isa = PBXFileReference; fileEncoding = 4; lastKnownFileType = sourcecode.c.h; path = SBJsonStreamWriterState.h; sourceTree = "<group>"; };
		C25D22191442E709008F46D4 /* SBJsonStreamWriterState.m */ = {isa = PBXFileReference; fileEncoding = 4; lastKnownFileType = sourcecode.c.objc; path = SBJsonStreamWriterState.m; sourceTree = "<group>"; };
		C25D221A1442E709008F46D4 /* SBJsonTokeniser.h */ = {isa = PBXFileReference; fileEncoding = 4; lastKnownFileType = sourcecode.c.h; path = SBJsonTokeniser.h; sourceTree = "<group>"; };
		C25D221B1442E709008F46D4 /* SBJsonTokeniser.m */ = {isa = PBXFileReference; fileEncoding = 4; lastKnownFileType = sourcecode.c.objc; path = SBJsonTokeniser.m; sourceTree = "<group>"; };
		C25D221C1442E709008F46D4 /* SBJsonUTF8Stream.h */ = {isa = PBXFileReference; fileEncoding = 4; lastKnownFileType = sourcecode.c.h; path = SBJsonUTF8Stream.h; sourceTree = "<group>"; };
		C25D221D1442E709008F46D4 /* SBJsonUTF8Stream.m */ = {isa = PBXFileReference; fileEncoding = 4; lastKnownFileType = sourcecode.c.objc; path = SBJsonUTF8Stream.m; sourceTree = "<group>"; };
		C25D221E1442E709008F46D4 /* SBJsonWriter.h */ = {isa = PBXFileReference; fileEncoding = 4; lastKnownFileType = sourcecode.c.h; path = SBJsonWriter.h; sourceTree = "<group>"; };
		C25D221F1442E709008F46D4 /* SBJsonWriter.m */ = {isa = PBXFileReference; fileEncoding = 4; lastKnownFileType = sourcecode.c.objc; path = SBJsonWriter.m; sourceTree = "<group>"; };
		C25D22201442E709008F46D4 /* LPDataParser.h */ = {isa = PBXFileReference; fileEncoding = 4; lastKnownFileType = sourcecode.c.h; path = LPDataParser.h; sourceTree = "<group>"; };
		C25D22211442E709008F46D4 /* LPDataParser.m */ = {isa = PBXFileReference; fileEncoding = 4; lastKnownFileType = sourcecode.c.objc; path = LPDataParser.m; sourceTree = "<group>"; };
		C25D22311442E938008F46D4 /* LPPOIDetailsViewController.h */ = {isa = PBXFileReference; fileEncoding = 4; lastKnownFileType = sourcecode.c.h; path = LPPOIDetailsViewController.h; sourceTree = "<group>"; };
		C25D22321442E938008F46D4 /* LPPOIDetailsViewController.m */ = {isa = PBXFileReference; fileEncoding = 4; lastKnownFileType = sourcecode.c.objc; path = LPPOIDetailsViewController.m; sourceTree = "<group>"; };
		C25D22331442E938008F46D4 /* LPPOITableViewController.h */ = {isa = PBXFileReference; fileEncoding = 4; lastKnownFileType = sourcecode.c.h; path = LPPOITableViewController.h; sourceTree = "<group>"; };
		C25D22341442E938008F46D4 /* LPPOITableViewController.m */ = {isa = PBXFileReference; fileEncoding = 4; lastKnownFileType = sourcecode.c.objc; path = LPPOITableViewController.m; sourceTree = "<group>"; };
		C25D223714434879008F46D4 /* NSDictionary+Additions.h */ = {isa = PBXFileReference; fileEncoding = 4; lastKnownFileType = sourcecode.c.h; path = "NSDictionary+Additions.h"; sourceTree = "<group>"; };
		C25D223814434879008F46D4 /* NSDictionary+Additions.m */ = {isa = PBXFileReference; fileEncoding = 4; lastKnownFileType = sourcecode.c.objc; path = "NSDictionary+Additions.m"; sourceTree = "<group>"; };
		C25D226B1443734A008F46D4 /* pois.json */ = {isa = PBXFileReference; fileEncoding = 4; lastKnownFileType = text; path = pois.json; sourceTree = "<group>"; };
		C25D226D14437395008F46D4 /* LPPointOfInterest-Info.plist */ = {isa = PBXFileReference; fileEncoding = 4; lastKnownFileType = text.plist.xml; path = "LPPointOfInterest-Info.plist"; sourceTree = "<group>"; };
		C25D226E14437395008F46D4 /* LPPointOfInterest-Prefix.pch */ = {isa = PBXFileReference; fileEncoding = 4; lastKnownFileType = sourcecode.c.h; path = "LPPointOfInterest-Prefix.pch"; sourceTree = "<group>"; };
		C25D226F14437395008F46D4 /* main.m */ = {isa = PBXFileReference; fileEncoding = 4; lastKnownFileType = sourcecode.c.objc; path = main.m; sourceTree = "<group>"; };
		C25D228114437ECA008F46D4 /* en */ = {isa = PBXFileReference; lastKnownFileType = text.plist.strings; name = en; path = en.lproj/InfoPlist.strings; sourceTree = "<group>"; };
		C25D228414438000008F46D4 /* LPPOIMapViewController.h */ = {isa = PBXFileReference; fileEncoding = 4; lastKnownFileType = sourcecode.c.h; path = LPPOIMapViewController.h; sourceTree = "<group>"; };
		C25D228514438001008F46D4 /* LPPOIMapViewController.m */ = {isa = PBXFileReference; fileEncoding = 4; lastKnownFileType = sourcecode.c.objc; path = LPPOIMapViewController.m; sourceTree = "<group>"; };
		C25D2287144380CD008F46D4 /* MapKit.framework */ = {isa = PBXFileReference; lastKnownFileType = wrapper.framework; name = MapKit.framework; path = System/Library/Frameworks/MapKit.framework; sourceTree = SDKROOT; };
		C25D229514438626008F46D4 /* LPPOIMapAnnotation.h */ = {isa = PBXFileReference; fileEncoding = 4; lastKnownFileType = sourcecode.c.h; path = LPPOIMapAnnotation.h; sourceTree = "<group>"; };
		C25D229614438627008F46D4 /* LPPOIMapAnnotation.m */ = {isa = PBXFileReference; fileEncoding = 4; lastKnownFileType = sourcecode.c.objc; path = LPPOIMapAnnotation.m; sourceTree = "<group>"; };
		C25D22981443908B008F46D4 /* README.txt */ = {isa = PBXFileReference; fileEncoding = 4; lastKnownFileType = text; name = README.txt; path = ../../../README.txt; sourceTree = "<group>"; };
		C25D229A144394EA008F46D4 /* Default.png */ = {isa = PBXFileReference; lastKnownFileType = image.png; path = Default.png; sourceTree = "<group>"; };
		C25D229C14439A29008F46D4 /* LPPOIMainMenuViewController.h */ = {isa = PBXFileReference; fileEncoding = 4; lastKnownFileType = sourcecode.c.h; path = LPPOIMainMenuViewController.h; sourceTree = "<group>"; };
		C25D229D14439A2A008F46D4 /* LPPOIMainMenuViewController.m */ = {isa = PBXFileReference; fileEncoding = 4; lastKnownFileType = sourcecode.c.objc; path = LPPOIMainMenuViewController.m; sourceTree = "<group>"; };
		C25D229F14439CEB008F46D4 /* london1.png */ = {isa = PBXFileReference; lastKnownFileType = image.png; path = london1.png; sourceTree = "<group>"; };
		C25D22A014439CEB008F46D4 /* london2.png */ = {isa = PBXFileReference; lastKnownFileType = image.png; path = london2.png; sourceTree = "<group>"; };
		C25D22A114439CEB008F46D4 /* london3.png */ = {isa = PBXFileReference; lastKnownFileType = image.png; path = london3.png; sourceTree = "<group>"; };
		C25D22A214439CEB008F46D4 /* london4.png */ = {isa = PBXFileReference; lastKnownFileType = image.png; path = london4.png; sourceTree = "<group>"; };
		C25D22AF1443A0E9008F46D4 /* UIColor+Additions.h */ = {isa = PBXFileReference; fileEncoding = 4; lastKnownFileType = sourcecode.c.h; path = "UIColor+Additions.h"; sourceTree = "<group>"; };
		C25D22B01443A0E9008F46D4 /* UIColor+Additions.m */ = {isa = PBXFileReference; fileEncoding = 4; lastKnownFileType = sourcecode.c.objc; path = "UIColor+Additions.m"; sourceTree = "<group>"; };
		C25D22B21443A4BA008F46D4 /* QuartzCore.framework */ = {isa = PBXFileReference; lastKnownFileType = wrapper.framework; name = QuartzCore.framework; path = System/Library/Frameworks/QuartzCore.framework; sourceTree = SDKROOT; };
		C25D22C81443AEAD008F46D4 /* LPPOICreditsViewController.h */ = {isa = PBXFileReference; fileEncoding = 4; lastKnownFileType = sourcecode.c.h; path = LPPOICreditsViewController.h; sourceTree = "<group>"; };
		C25D22C91443AEAE008F46D4 /* LPPOICreditsViewController.m */ = {isa = PBXFileReference; fileEncoding = 4; lastKnownFileType = sourcecode.c.objc; path = LPPOICreditsViewController.m; sourceTree = "<group>"; };
		C25E55D7144559100030971B /* LPStyleManager.h */ = {isa = PBXFileReference; fileEncoding = 4; lastKnownFileType = sourcecode.c.h; path = LPStyleManager.h; sourceTree = "<group>"; };
		C25E55D8144559100030971B /* LPStyleManager.m */ = {isa = PBXFileReference; fileEncoding = 4; lastKnownFileType = sourcecode.c.objc; path = LPStyleManager.m; sourceTree = "<group>"; };
/* End PBXFileReference section */

/* Begin PBXFrameworksBuildPhase section */
		C25D21DA1442E5F7008F46D4 /* Frameworks */ = {
			isa = PBXFrameworksBuildPhase;
			buildActionMask = 2147483647;
			files = (
				C25D22B31443A4BA008F46D4 /* QuartzCore.framework in Frameworks */,
				C25D2288144380CE008F46D4 /* MapKit.framework in Frameworks */,
				C25D21E21442E5F7008F46D4 /* UIKit.framework in Frameworks */,
				C25D21E41442E5F7008F46D4 /* Foundation.framework in Frameworks */,
				C25D21E61442E5F7008F46D4 /* CoreGraphics.framework in Frameworks */,
			);
			runOnlyForDeploymentPostprocessing = 0;
		};
/* End PBXFrameworksBuildPhase section */

/* Begin PBXGroup section */
		C25D21D21442E5F7008F46D4 = {
			isa = PBXGroup;
			children = (
				C25D229A144394EA008F46D4 /* Default.png */,
				C25D21E71442E5F7008F46D4 /* LPPointOfInterest */,
				C25D21E01442E5F7008F46D4 /* Frameworks */,
				C25D21DE1442E5F7008F46D4 /* Products */,
			);
			sourceTree = "<group>";
		};
		C25D21DE1442E5F7008F46D4 /* Products */ = {
			isa = PBXGroup;
			children = (
				C25D21DD1442E5F7008F46D4 /* LPPointOfInterest.app */,
			);
			name = Products;
			sourceTree = "<group>";
		};
		C25D21E01442E5F7008F46D4 /* Frameworks */ = {
			isa = PBXGroup;
			children = (
				C25D22B21443A4BA008F46D4 /* QuartzCore.framework */,
				C25D2287144380CD008F46D4 /* MapKit.framework */,
				C25D21E11442E5F7008F46D4 /* UIKit.framework */,
				C25D21E31442E5F7008F46D4 /* Foundation.framework */,
				C25D21E51442E5F7008F46D4 /* CoreGraphics.framework */,
			);
			name = Frameworks;
			sourceTree = "<group>";
		};
		C25D21E71442E5F7008F46D4 /* LPPointOfInterest */ = {
			isa = PBXGroup;
			children = (
				C25D22011442E709008F46D4 /* Classes */,
				C25D21FB1442E60B008F46D4 /* LPPointOfInterestAppDelegate.h */,
				C25D21FC1442E60B008F46D4 /* LPPointOfInterestAppDelegate.m */,
				C25D21FE1442E625008F46D4 /* MainWindow.xib */,
				C25D226A1443734A008F46D4 /* Resources */,
				C25D21E81442E5F7008F46D4 /* Supporting Files */,
			);
			path = LPPointOfInterest;
			sourceTree = "<group>";
		};
		C25D21E81442E5F7008F46D4 /* Supporting Files */ = {
			isa = PBXGroup;
			children = (
				C25D228014437ECA008F46D4 /* InfoPlist.strings */,
				C25D226D14437395008F46D4 /* LPPointOfInterest-Info.plist */,
				C25D226E14437395008F46D4 /* LPPointOfInterest-Prefix.pch */,
				C25D226F14437395008F46D4 /* main.m */,
			);
			name = "Supporting Files";
			sourceTree = "<group>";
		};
		C25D22011442E709008F46D4 /* Classes */ = {
			isa = PBXGroup;
			children = (
				C25D22301442E938008F46D4 /* UI */,
				C25D22051442E709008F46D4 /* Utilities */,
			);
			path = Classes;
			sourceTree = "<group>";
		};
		C25D22051442E709008F46D4 /* Utilities */ = {
			isa = PBXGroup;
			children = (
				C25D22061442E709008F46D4 /* JSON */,
				C25D22201442E709008F46D4 /* LPDataParser.h */,
				C25D22211442E709008F46D4 /* LPDataParser.m */,
				C25E55D7144559100030971B /* LPStyleManager.h */,
				C25E55D8144559100030971B /* LPStyleManager.m */,
				C25D223714434879008F46D4 /* NSDictionary+Additions.h */,
				C25D223814434879008F46D4 /* NSDictionary+Additions.m */,
				C25D22AF1443A0E9008F46D4 /* UIColor+Additions.h */,
				C25D22B01443A0E9008F46D4 /* UIColor+Additions.m */,
			);
			path = Utilities;
			sourceTree = "<group>";
		};
		C25D22061442E709008F46D4 /* JSON */ = {
			isa = PBXGroup;
			children = (
				C25D22071442E709008F46D4 /* NSObject+SBJson.h */,
				C25D22081442E709008F46D4 /* NSObject+SBJson.m */,
				C25D22091442E709008F46D4 /* SBJson.h */,
				C25D220A1442E709008F46D4 /* SBJsonParser.h */,
				C25D220B1442E709008F46D4 /* SBJsonParser.m */,
				C25D220C1442E709008F46D4 /* SBJsonStreamParser.h */,
				C25D220D1442E709008F46D4 /* SBJsonStreamParser.m */,
				C25D220E1442E709008F46D4 /* SBJsonStreamParserAccumulator.h */,
				C25D220F1442E709008F46D4 /* SBJsonStreamParserAccumulator.m */,
				C25D22101442E709008F46D4 /* SBJsonStreamParserAdapter.h */,
				C25D22111442E709008F46D4 /* SBJsonStreamParserAdapter.m */,
				C25D22121442E709008F46D4 /* SBJsonStreamParserState.h */,
				C25D22131442E709008F46D4 /* SBJsonStreamParserState.m */,
				C25D22141442E709008F46D4 /* SBJsonStreamWriter.h */,
				C25D22151442E709008F46D4 /* SBJsonStreamWriter.m */,
				C25D22161442E709008F46D4 /* SBJsonStreamWriterAccumulator.h */,
				C25D22171442E709008F46D4 /* SBJsonStreamWriterAccumulator.m */,
				C25D22181442E709008F46D4 /* SBJsonStreamWriterState.h */,
				C25D22191442E709008F46D4 /* SBJsonStreamWriterState.m */,
				C25D221A1442E709008F46D4 /* SBJsonTokeniser.h */,
				C25D221B1442E709008F46D4 /* SBJsonTokeniser.m */,
				C25D221C1442E709008F46D4 /* SBJsonUTF8Stream.h */,
				C25D221D1442E709008F46D4 /* SBJsonUTF8Stream.m */,
				C25D221E1442E709008F46D4 /* SBJsonWriter.h */,
				C25D221F1442E709008F46D4 /* SBJsonWriter.m */,
			);
			path = JSON;
			sourceTree = "<group>";
		};
		C25D22301442E938008F46D4 /* UI */ = {
			isa = PBXGroup;
			children = (
				C25D229C14439A29008F46D4 /* LPPOIMainMenuViewController.h */,
				C25D229D14439A2A008F46D4 /* LPPOIMainMenuViewController.m */,
				C25D22331442E938008F46D4 /* LPPOITableViewController.h */,
				C25D22341442E938008F46D4 /* LPPOITableViewController.m */,
				C25D22311442E938008F46D4 /* LPPOIDetailsViewController.h */,
				C25D22321442E938008F46D4 /* LPPOIDetailsViewController.m */,
				C25D228414438000008F46D4 /* LPPOIMapViewController.h */,
				C25D228514438001008F46D4 /* LPPOIMapViewController.m */,
				C25D229514438626008F46D4 /* LPPOIMapAnnotation.h */,
				C25D229614438627008F46D4 /* LPPOIMapAnnotation.m */,
				C25D22C81443AEAD008F46D4 /* LPPOICreditsViewController.h */,
				C25D22C91443AEAE008F46D4 /* LPPOICreditsViewController.m */,
			);
			path = UI;
			sourceTree = "<group>";
		};
		C25D226A1443734A008F46D4 /* Resources */ = {
			isa = PBXGroup;
			children = (
				C25D22981443908B008F46D4 /* README.txt */,
				C25D226B1443734A008F46D4 /* pois.json */,
				C25D229F14439CEB008F46D4 /* london1.png */,
				C25D22A014439CEB008F46D4 /* london2.png */,
				C25D22A114439CEB008F46D4 /* london3.png */,
				C25D22A214439CEB008F46D4 /* london4.png */,
			);
			path = Resources;
			sourceTree = "<group>";
		};
/* End PBXGroup section */

/* Begin PBXNativeTarget section */
		C25D21DC1442E5F7008F46D4 /* LPPointOfInterest */ = {
			isa = PBXNativeTarget;
			buildConfigurationList = C25D21F81442E5F7008F46D4 /* Build configuration list for PBXNativeTarget "LPPointOfInterest" */;
			buildPhases = (
				C25D21D91442E5F7008F46D4 /* Sources */,
				C25D21DA1442E5F7008F46D4 /* Frameworks */,
				C25D21DB1442E5F7008F46D4 /* Resources */,
			);
			buildRules = (
			);
			dependencies = (
			);
			name = LPPointOfInterest;
			productName = LPPointOfInterest;
			productReference = C25D21DD1442E5F7008F46D4 /* LPPointOfInterest.app */;
			productType = "com.apple.product-type.application";
		};
/* End PBXNativeTarget section */

/* Begin PBXProject section */
		C25D21D41442E5F7008F46D4 /* Project object */ = {
			isa = PBXProject;
			attributes = {
				ORGANIZATIONNAME = "Team Pixel";
			};
			buildConfigurationList = C25D21D71442E5F7008F46D4 /* Build configuration list for PBXProject "LPPointOfInterest" */;
			compatibilityVersion = "Xcode 3.2";
			developmentRegion = English;
			hasScannedForEncodings = 0;
			knownRegions = (
				en,
			);
			mainGroup = C25D21D21442E5F7008F46D4;
			productRefGroup = C25D21DE1442E5F7008F46D4 /* Products */;
			projectDirPath = "";
			projectRoot = "";
			targets = (
				C25D21DC1442E5F7008F46D4 /* LPPointOfInterest */,
			);
		};
/* End PBXProject section */

/* Begin PBXResourcesBuildPhase section */
		C25D21DB1442E5F7008F46D4 /* Resources */ = {
			isa = PBXResourcesBuildPhase;
			buildActionMask = 2147483647;
			files = (
				C25D22001442E625008F46D4 /* MainWindow.xib in Resources */,
				C25D226C1443734A008F46D4 /* pois.json in Resources */,
				C25D228214437ECA008F46D4 /* InfoPlist.strings in Resources */,
				C25D22991443908B008F46D4 /* README.txt in Resources */,
				C25D229B144394EB008F46D4 /* Default.png in Resources */,
				C25D22A314439CEB008F46D4 /* london1.png in Resources */,
				C25D22A414439CEB008F46D4 /* london2.png in Resources */,
				C25D22A514439CEB008F46D4 /* london3.png in Resources */,
				C25D22A614439CEB008F46D4 /* london4.png in Resources */,
			);
			runOnlyForDeploymentPostprocessing = 0;
		};
/* End PBXResourcesBuildPhase section */

/* Begin PBXSourcesBuildPhase section */
		C25D21D91442E5F7008F46D4 /* Sources */ = {
			isa = PBXSourcesBuildPhase;
			buildActionMask = 2147483647;
			files = (
				C25D228314437EFC008F46D4 /* main.m in Sources */,
				C25D21FD1442E60B008F46D4 /* LPPointOfInterestAppDelegate.m in Sources */,
				C25D22231442E709008F46D4 /* NSObject+SBJson.m in Sources */,
				C25D22241442E709008F46D4 /* SBJsonParser.m in Sources */,
				C25D22251442E709008F46D4 /* SBJsonStreamParser.m in Sources */,
				C25D22261442E709008F46D4 /* SBJsonStreamParserAccumulator.m in Sources */,
				C25D22271442E709008F46D4 /* SBJsonStreamParserAdapter.m in Sources */,
				C25D22281442E709008F46D4 /* SBJsonStreamParserState.m in Sources */,
				C25D22291442E709008F46D4 /* SBJsonStreamWriter.m in Sources */,
				C25D222A1442E709008F46D4 /* SBJsonStreamWriterAccumulator.m in Sources */,
				C25D222B1442E709008F46D4 /* SBJsonStreamWriterState.m in Sources */,
				C25D222C1442E709008F46D4 /* SBJsonTokeniser.m in Sources */,
				C25D222D1442E709008F46D4 /* SBJsonUTF8Stream.m in Sources */,
				C25D222E1442E709008F46D4 /* SBJsonWriter.m in Sources */,
				C25D222F1442E709008F46D4 /* LPDataParser.m in Sources */,
				C25D22351442E938008F46D4 /* LPPOIDetailsViewController.m in Sources */,
				C25D22361442E938008F46D4 /* LPPOITableViewController.m in Sources */,
				C25D22391443487A008F46D4 /* NSDictionary+Additions.m in Sources */,
				C25D228614438001008F46D4 /* LPPOIMapViewController.m in Sources */,
				C25D229714438627008F46D4 /* LPPOIMapAnnotation.m in Sources */,
				C25D229E14439A2B008F46D4 /* LPPOIMainMenuViewController.m in Sources */,
				C25D22B11443A0EA008F46D4 /* UIColor+Additions.m in Sources */,
				C25D22CA1443AEB2008F46D4 /* LPPOICreditsViewController.m in Sources */,
				C25E55D9144559100030971B /* LPStyleManager.m in Sources */,
			);
			runOnlyForDeploymentPostprocessing = 0;
		};
/* End PBXSourcesBuildPhase section */

/* Begin PBXVariantGroup section */
		C25D21FE1442E625008F46D4 /* MainWindow.xib */ = {
			isa = PBXVariantGroup;
			children = (
				C25D21FF1442E625008F46D4 /* en */,
			);
			name = MainWindow.xib;
			sourceTree = "<group>";
		};
		C25D228014437ECA008F46D4 /* InfoPlist.strings */ = {
			isa = PBXVariantGroup;
			children = (
				C25D228114437ECA008F46D4 /* en */,
			);
			name = InfoPlist.strings;
			sourceTree = "<group>";
		};
/* End PBXVariantGroup section */

/* Begin XCBuildConfiguration section */
		C25D21F61442E5F7008F46D4 /* Debug */ = {
			isa = XCBuildConfiguration;
			buildSettings = {
				ARCHS = "$(ARCHS_STANDARD_32_BIT)";
				"CODE_SIGN_IDENTITY[sdk=iphoneos*]" = "iPhone Developer";
				GCC_C_LANGUAGE_STANDARD = gnu99;
				GCC_OPTIMIZATION_LEVEL = 0;
				GCC_PREPROCESSOR_DEFINITIONS = DEBUG;
				GCC_SYMBOLS_PRIVATE_EXTERN = NO;
				GCC_VERSION = com.apple.compilers.llvmgcc42;
				GCC_WARN_ABOUT_RETURN_TYPE = YES;
				GCC_WARN_UNUSED_VARIABLE = YES;
				IPHONEOS_DEPLOYMENT_TARGET = 4.3;
				SDKROOT = iphoneos;
			};
			name = Debug;
		};
		C25D21F71442E5F7008F46D4 /* Release */ = {
			isa = XCBuildConfiguration;
			buildSettings = {
				ARCHS = "$(ARCHS_STANDARD_32_BIT)";
				"CODE_SIGN_IDENTITY[sdk=iphoneos*]" = "iPhone Developer";
				GCC_C_LANGUAGE_STANDARD = gnu99;
				GCC_VERSION = com.apple.compilers.llvmgcc42;
				GCC_WARN_ABOUT_RETURN_TYPE = YES;
				GCC_WARN_UNUSED_VARIABLE = YES;
				IPHONEOS_DEPLOYMENT_TARGET = 4.3;
				OTHER_CFLAGS = "-DNS_BLOCK_ASSERTIONS=1";
				SDKROOT = iphoneos;
			};
			name = Release;
		};
		C25D21F91442E5F7008F46D4 /* Debug */ = {
			isa = XCBuildConfiguration;
			buildSettings = {
				ALWAYS_SEARCH_USER_PATHS = NO;
				COPY_PHASE_STRIP = NO;
				GCC_DYNAMIC_NO_PIC = NO;
				GCC_PRECOMPILE_PREFIX_HEADER = YES;
				GCC_PREFIX_HEADER = "LPPointOfInterest/LPPointOfInterest-Prefix.pch";
				GCC_TREAT_WARNINGS_AS_ERRORS = YES;
				INFOPLIST_FILE = "LPPointOfInterest/LPPointOfInterest-Info.plist";
				PRODUCT_NAME = "$(TARGET_NAME)";
				WRAPPER_EXTENSION = app;
			};
			name = Debug;
		};
		C25D21FA1442E5F7008F46D4 /* Release */ = {
			isa = XCBuildConfiguration;
			buildSettings = {
				ALWAYS_SEARCH_USER_PATHS = NO;
				COPY_PHASE_STRIP = YES;
				GCC_PRECOMPILE_PREFIX_HEADER = YES;
				GCC_PREFIX_HEADER = "LPPointOfInterest/LPPointOfInterest-Prefix.pch";
				GCC_TREAT_WARNINGS_AS_ERRORS = YES;
				INFOPLIST_FILE = "LPPointOfInterest/LPPointOfInterest-Info.plist";
				PRODUCT_NAME = "$(TARGET_NAME)";
				VALIDATE_PRODUCT = YES;
				WRAPPER_EXTENSION = app;
			};
			name = Release;
		};
/* End XCBuildConfiguration section */

/* Begin XCConfigurationList section */
		C25D21D71442E5F7008F46D4 /* Build configuration list for PBXProject "LPPointOfInterest" */ = {
			isa = XCConfigurationList;
			buildConfigurations = (
				C25D21F61442E5F7008F46D4 /* Debug */,
				C25D21F71442E5F7008F46D4 /* Release */,
			);
			defaultConfigurationIsVisible = 0;
			defaultConfigurationName = Release;
		};
		C25D21F81442E5F7008F46D4 /* Build configuration list for PBXNativeTarget "LPPointOfInterest" */ = {
			isa = XCConfigurationList;
			buildConfigurations = (
				C25D21F91442E5F7008F46D4 /* Debug */,
				C25D21FA1442E5F7008F46D4 /* Release */,
			);
			defaultConfigurationIsVisible = 0;
			defaultConfigurationName = Release;
		};
/* End XCConfigurationList section */
	};
	rootObject = C25D21D41442E5F7008F46D4 /* Project object */;
}
